
Microsoft Visual Studio Solution File, Format Version 12.00
# Visual Studio Version 17
VisualStudioVersion = 17.2.32505.173
MinimumVisualStudioVersion = 10.0.40219.1
Project("{FAE04EC0-301F-11D3-BF4B-00C04F79EFBC}") = "QuanLyNhanVienDbFirst", "QuanLyNhanVienDbFirst\QuanLyNhanVienDbFirst.csproj", "{7C015E68-66A8-4F9F-BC2D-895067F39BBE}"
EndProject
Global
	GlobalSection(SolutionConfigurationPlatforms) = preSolution
		Debug|Any CPU = Debug|Any CPU
		Release|Any CPU = Release|Any CPU
	EndGlobalSection
	GlobalSection(ProjectConfigurationPlatforms) = postSolution
		{7C015E68-66A8-4F9F-BC2D-895067F39BBE}.Debug|Any CPU.ActiveCfg = Debug|Any CPU
		{7C015E68-66A8-4F9F-BC2D-895067F39BBE}.Debug|Any CPU.Build.0 = Debug|Any CPU
		{7C015E68-66A8-4F9F-BC2D-895067F39BBE}.Release|Any CPU.ActiveCfg = Release|Any CPU
		{7C015E68-66A8-4F9F-BC2D-895067F39BBE}.Release|Any CPU.Build.0 = Release|Any CPU
	EndGlobalSection
	GlobalSection(SolutionProperties) = preSolution
		HideSolutionNode = FALSE
	EndGlobalSection
	GlobalSection(ExtensibilityGlobals) = postSolution
		SolutionGuid = {E696DBDB-3C8E-429D-BB4B-5957D98BE25E}
	EndGlobalSection
EndGlobal
